
Microsoft Visual Studio Solution File, Format Version 12.00
# Visual Studio 15
VisualStudioVersion = 15.0.28307.168
MinimumVisualStudioVersion = 10.0.40219.1
Project("{FAE04EC0-301F-11D3-BF4B-00C04F79EFBC}") = "第二层", "第二层\第二层.csproj", "{1FF309CF-D899-449E-917B-93AE4D8FEC46}"
EndProject
Global
	GlobalSection(SolutionConfigurationPlatforms) = preSolution
		Debug|Any CPU = Debug|Any CPU
		Release|Any CPU = Release|Any CPU
	EndGlobalSection
	GlobalSection(ProjectConfigurationPlatforms) = postSolution
		{1FF309CF-D899-449E-917B-93AE4D8FEC46}.Debug|Any CPU.ActiveCfg = Debug|Any CPU
		{1FF309CF-D899-449E-917B-93AE4D8FEC46}.Debug|Any CPU.Build.0 = Debug|Any CPU
		{1FF309CF-D899-449E-917B-93AE4D8FEC46}.Release|Any CPU.ActiveCfg = Release|Any CPU
		{1FF309CF-D899-449E-917B-93AE4D8FEC46}.Release|Any CPU.Build.0 = Release|Any CPU
	EndGlobalSection
	GlobalSection(SolutionProperties) = preSolution
		HideSolutionNode = FALSE
	EndGlobalSection
	GlobalSection(ExtensibilityGlobals) = postSolution
		SolutionGuid = {43F1430D-4F6E-44B3-8814-750AE334F556}
	EndGlobalSection
EndGlobal
