
Microsoft Visual Studio Solution File, Format Version 12.00
# Visual Studio 15
VisualStudioVersion = 15.0.28307.168
MinimumVisualStudioVersion = 10.0.40219.1
Project("{FAE04EC0-301F-11D3-BF4B-00C04F79EFBC}") = "第四层", "第四层\第四层.csproj", "{B1E99CCA-8541-4EF5-850E-946742C9A593}"
EndProject
Global
	GlobalSection(SolutionConfigurationPlatforms) = preSolution
		Debug|Any CPU = Debug|Any CPU
		Release|Any CPU = Release|Any CPU
	EndGlobalSection
	GlobalSection(ProjectConfigurationPlatforms) = postSolution
		{B1E99CCA-8541-4EF5-850E-946742C9A593}.Debug|Any CPU.ActiveCfg = Debug|Any CPU
		{B1E99CCA-8541-4EF5-850E-946742C9A593}.Debug|Any CPU.Build.0 = Debug|Any CPU
		{B1E99CCA-8541-4EF5-850E-946742C9A593}.Release|Any CPU.ActiveCfg = Release|Any CPU
		{B1E99CCA-8541-4EF5-850E-946742C9A593}.Release|Any CPU.Build.0 = Release|Any CPU
	EndGlobalSection
	GlobalSection(SolutionProperties) = preSolution
		HideSolutionNode = FALSE
	EndGlobalSection
	GlobalSection(ExtensibilityGlobals) = postSolution
		SolutionGuid = {3169D91C-F1E2-4F18-9E2F-F75B52CECE6C}
	EndGlobalSection
EndGlobal
